
Microsoft Visual Studio Solution File, Format Version 12.00
# Visual Studio Version 17
VisualStudioVersion = 17.4.33213.308
MinimumVisualStudioVersion = 10.0.40219.1
Project("{FAE04EC0-301F-11D3-BF4B-00C04F79EFBC}") = "KanalTracer", "WindowsFormsApp1\KanalTracer.csproj", "{145C2670-641C-4996-B850-70C5BACC6841}"
EndProject
Global
	GlobalSection(SolutionConfigurationPlatforms) = preSolution
		Debug|Any CPU = Debug|Any CPU
		Release|Any CPU = Release|Any CPU
	EndGlobalSection
	GlobalSection(ProjectConfigurationPlatforms) = postSolution
		{145C2670-641C-4996-B850-70C5BACC6841}.Debug|Any CPU.ActiveCfg = Debug|Any CPU
		{145C2670-641C-4996-B850-70C5BACC6841}.Debug|Any CPU.Build.0 = Debug|Any CPU
		{145C2670-641C-4996-B850-70C5BACC6841}.Release|Any CPU.ActiveCfg = Release|Any CPU
		{145C2670-641C-4996-B850-70C5BACC6841}.Release|Any CPU.Build.0 = Release|Any CPU
	EndGlobalSection
	GlobalSection(SolutionProperties) = preSolution
		HideSolutionNode = FALSE
	EndGlobalSection
	GlobalSection(ExtensibilityGlobals) = postSolution
		SolutionGuid = {B4134A88-FEC1-429F-8E44-2F3559E09AB6}
	EndGlobalSection
EndGlobal
